
Microsoft Visual Studio Solution File, Format Version 12.00
# Visual Studio Version 17
VisualStudioVersion = 17.3.32922.545
MinimumVisualStudioVersion = 10.0.40219.1
Project("{FAE04EC0-301F-11D3-BF4B-00C04F79EFBC}") = "test_api", "test_api\test_api.csproj", "{0541CDF5-E2FE-4675-815A-CBE52988F8A9}"
EndProject
Global
	GlobalSection(SolutionConfigurationPlatforms) = preSolution
		Debug|Any CPU = Debug|Any CPU
		Release|Any CPU = Release|Any CPU
	EndGlobalSection
	GlobalSection(ProjectConfigurationPlatforms) = postSolution
		{0541CDF5-E2FE-4675-815A-CBE52988F8A9}.Debug|Any CPU.ActiveCfg = Debug|Any CPU
		{0541CDF5-E2FE-4675-815A-CBE52988F8A9}.Debug|Any CPU.Build.0 = Debug|Any CPU
		{0541CDF5-E2FE-4675-815A-CBE52988F8A9}.Release|Any CPU.ActiveCfg = Release|Any CPU
		{0541CDF5-E2FE-4675-815A-CBE52988F8A9}.Release|Any CPU.Build.0 = Release|Any CPU
	EndGlobalSection
	GlobalSection(SolutionProperties) = preSolution
		HideSolutionNode = FALSE
	EndGlobalSection
	GlobalSection(ExtensibilityGlobals) = postSolution
		SolutionGuid = {5ECDC9B2-7659-475F-B7BB-DA18DC4E4079}
	EndGlobalSection
EndGlobal
